Microsoft Visual Studio Solution File, Format Version 12.00
# Visual Studio Version 17
VisualStudioVersion = 17.10.35122.118
MinimumVisualStudioVersion = 10.0.40219.1
Project("{9A19103F-16F7-4668-BE54-9A1E7A4F7556}") = "BookWeb", "BookWeb\BookWeb.csproj", "{094E7B84-2718-4AF9-A852-565A429CB750}"
EndProject
Project("{9A19103F-16F7-4668-BE54-9A1E7A4F7556}") = "BookWeb.Utility", "BookWeb.Utility\BookWeb.Utility.csproj", "{8F30AAF6-BC71-4C75-AC19-F2F2EC8B7C4F}"
EndProject
Project("{9A19103F-16F7-4668-BE54-9A1E7A4F7556}") = "BookWeb.Models", "BookWeb.Models\BookWeb.Models.csproj", "{A155AFA3-70CF-4CB3-B138-4940611A3804}"
EndProject
Project("{9A19103F-16F7-4668-BE54-9A1E7A4F7556}") = "BookWeb.DataAccess", "BookWeb.DataAccess\BookWeb.DataAccess.csproj", "{B845EB4D-91C1-46C7-A016-16C96E62411B}"
EndProject
Global
	GlobalSection(SolutionConfigurationPlatforms) = preSolution
		Debug|Any CPU = Debug|Any CPU
		Release|Any CPU = Release|Any CPU
	EndGlobalSection
	GlobalSection(ProjectConfigurationPlatforms) = postSolution
		{094E7B84-2718-4AF9-A852-565A429CB750}.Debug|Any CPU.ActiveCfg = Debug|Any CPU
		{094E7B84-2718-4AF9-A852-565A429CB750}.Debug|Any CPU.Build.0 = Debug|Any CPU
		{094E7B84-2718-4AF9-A852-565A429CB750}.Release|Any CPU.ActiveCfg = Release|Any CPU
		{094E7B84-2718-4AF9-A852-565A429CB750}.Release|Any CPU.Build.0 = Release|Any CPU
		{8F30AAF6-BC71-4C75-AC19-F2F2EC8B7C4F}.Debug|Any CPU.ActiveCfg = Debug|Any CPU
		{8F30AAF6-BC71-4C75-AC19-F2F2EC8B7C4F}.Debug|Any CPU.Build.0 = Debug|Any CPU
		{8F30AAF6-BC71-4C75-AC19-F2F2EC8B7C4F}.Release|Any CPU.ActiveCfg = Release|Any CPU
		{8F30AAF6-BC71-4C75-AC19-F2F2EC8B7C4F}.Release|Any CPU.Build.0 = Release|Any CPU
		{A155AFA3-70CF-4CB3-B138-4940611A3804}.Debug|Any CPU.ActiveCfg = Debug|Any CPU
		{A155AFA3-70CF-4CB3-B138-4940611A3804}.Debug|Any CPU.Build.0 = Debug|Any CPU
		{A155AFA3-70CF-4CB3-B138-4940611A3804}.Release|Any CPU.ActiveCfg = Release|Any CPU
		{A155AFA3-70CF-4CB3-B138-4940611A3804}.Release|Any CPU.Build.0 = Release|Any CPU
		{B845EB4D-91C1-46C7-A016-16C96E62411B}.Debug|Any CPU.ActiveCfg = Debug|Any CPU
		{B845EB4D-91C1-46C7-A016-16C96E62411B}.Debug|Any CPU.Build.0 = Debug|Any CPU
		{B845EB4D-91C1-46C7-A016-16C96E62411B}.Release|Any CPU.ActiveCfg = Release|Any CPU
		{B845EB4D-91C1-46C7-A016-16C96E62411B}.Release|Any CPU.Build.0 = Release|Any CPU
	EndGlobalSection
	GlobalSection(SolutionProperties) = preSolution
		HideSolutionNode = FALSE
	EndGlobalSection
	GlobalSection(ExtensibilityGlobals) = postSolution
		SolutionGuid = {E7F9F1E1-4189-4AF8-9622-DC0E70FB7693}
	EndGlobalSection
EndGlobal
